
Microsoft Visual Studio Solution File, Format Version 12.00
# Visual Studio 2012
Project("{FAE04EC0-301F-11D3-BF4B-00C04F79EFBC}") = "Uif", "Uif\Uif.csproj", "{21336B69-5188-4120-9C2A-7550EE0F9EC2}"
EndProject
Project("{FAE04EC0-301F-11D3-BF4B-00C04F79EFBC}") = "Utils", "Utils\Utils.csproj", "{36FB8500-0A75-47D6-BD98-EDC7FAC2347B}"
EndProject
Global
	GlobalSection(SolutionConfigurationPlatforms) = preSolution
		Debug|Any CPU = Debug|Any CPU
		Release|Any CPU = Release|Any CPU
	EndGlobalSection
	GlobalSection(ProjectConfigurationPlatforms) = postSolution
		{21336B69-5188-4120-9C2A-7550EE0F9EC2}.Debug|Any CPU.ActiveCfg = Debug|Any CPU
		{21336B69-5188-4120-9C2A-7550EE0F9EC2}.Debug|Any CPU.Build.0 = Debug|Any CPU
		{21336B69-5188-4120-9C2A-7550EE0F9EC2}.Release|Any CPU.ActiveCfg = Release|Any CPU
		{21336B69-5188-4120-9C2A-7550EE0F9EC2}.Release|Any CPU.Build.0 = Release|Any CPU
		{36FB8500-0A75-47D6-BD98-EDC7FAC2347B}.Debug|Any CPU.ActiveCfg = Debug|Any CPU
		{36FB8500-0A75-47D6-BD98-EDC7FAC2347B}.Debug|Any CPU.Build.0 = Debug|Any CPU
		{36FB8500-0A75-47D6-BD98-EDC7FAC2347B}.Release|Any CPU.ActiveCfg = Release|Any CPU
		{36FB8500-0A75-47D6-BD98-EDC7FAC2347B}.Release|Any CPU.Build.0 = Release|Any CPU
	EndGlobalSection
	GlobalSection(SolutionProperties) = preSolution
		HideSolutionNode = FALSE
	EndGlobalSection
EndGlobal
